
Microsoft Visual Studio Solution File, Format Version 12.00
# Visual Studio Version 17
VisualStudioVersion = 17.8.34330.188
MinimumVisualStudioVersion = 10.0.40219.1
Project("{9A19103F-16F7-4668-BE54-9A1E7A4F7556}") = "SurveySez", "SurveySez\SurveySez.csproj", "{0DB3911C-5F09-4FE3-B20D-BBB5D1442708}"
EndProject
Project("{2150E333-8FDC-42A3-9474-1A3956D46DE8}") = "src", "src", "{105B82C5-EF77-4167-8521-1AFF100C598A}"
EndProject
Project("{2150E333-8FDC-42A3-9474-1A3956D46DE8}") = "core", "core", "{DF96CCA3-6F57-46A8-9FCE-6AD9BB4CA545}"
EndProject
Project("{2150E333-8FDC-42A3-9474-1A3956D46DE8}") = "external", "external", "{928CD8F2-9928-4449-921E-9D1622224E02}"
EndProject
Project("{9A19103F-16F7-4668-BE54-9A1E7A4F7556}") = "Domain", "..\Domain\Domain.csproj", "{321104B0-EC18-4916-85BF-6911AD4118F8}"
EndProject
Project("{9A19103F-16F7-4668-BE54-9A1E7A4F7556}") = "Application", "..\Application\Application.csproj", "{A32C9DC7-ACF4-4B0E-A020-06B1D5167EEE}"
EndProject
Project("{9A19103F-16F7-4668-BE54-9A1E7A4F7556}") = "Infrastructure", "..\Infrastructure\Infrastructure.csproj", "{32BAEC1F-9848-457F-907C-DFAD42B66093}"
EndProject
Project("{9A19103F-16F7-4668-BE54-9A1E7A4F7556}") = "Persistance", "..\Persistance\Persistance.csproj", "{35B04923-D765-4756-86A0-5C960DCDE5DB}"
EndProject
Project("{9A19103F-16F7-4668-BE54-9A1E7A4F7556}") = "Presentation", "..\Presentation\Presentation.csproj", "{9AC9A6ED-5DA3-4174-928C-2D0C5BB7036E}"
EndProject
Project("{2150E333-8FDC-42A3-9474-1A3956D46DE8}") = "tests", "tests", "{0DE06EB7-7147-45D0-9D84-A2E775A14919}"
EndProject
Project("{9A19103F-16F7-4668-BE54-9A1E7A4F7556}") = "ArchitectureTests", "..\ArchitectureTests\ArchitectureTests.csproj", "{6B0AA2DD-49C3-4AED-821D-04D4E723D347}"
EndProject
Project("{FAE04EC0-301F-11D3-BF4B-00C04F79EFBC}") = "WebAPI", "WebAPI\WebAPI.csproj", "{328E7D50-A3DB-486B-9C50-C5DC6778E7F7}"
EndProject
Global
	GlobalSection(SolutionConfigurationPlatforms) = preSolution
		Debug|Any CPU = Debug|Any CPU
		Release|Any CPU = Release|Any CPU
	EndGlobalSection
	GlobalSection(ProjectConfigurationPlatforms) = postSolution
		{0DB3911C-5F09-4FE3-B20D-BBB5D1442708}.Debug|Any CPU.ActiveCfg = Debug|Any CPU
		{0DB3911C-5F09-4FE3-B20D-BBB5D1442708}.Debug|Any CPU.Build.0 = Debug|Any CPU
		{0DB3911C-5F09-4FE3-B20D-BBB5D1442708}.Debug|Any CPU.Deploy.0 = Debug|Any CPU
		{0DB3911C-5F09-4FE3-B20D-BBB5D1442708}.Release|Any CPU.ActiveCfg = Release|Any CPU
		{0DB3911C-5F09-4FE3-B20D-BBB5D1442708}.Release|Any CPU.Build.0 = Release|Any CPU
		{0DB3911C-5F09-4FE3-B20D-BBB5D1442708}.Release|Any CPU.Deploy.0 = Release|Any CPU
		{321104B0-EC18-4916-85BF-6911AD4118F8}.Debug|Any CPU.ActiveCfg = Debug|Any CPU
		{321104B0-EC18-4916-85BF-6911AD4118F8}.Debug|Any CPU.Build.0 = Debug|Any CPU
		{321104B0-EC18-4916-85BF-6911AD4118F8}.Release|Any CPU.ActiveCfg = Release|Any CPU
		{321104B0-EC18-4916-85BF-6911AD4118F8}.Release|Any CPU.Build.0 = Release|Any CPU
		{A32C9DC7-ACF4-4B0E-A020-06B1D5167EEE}.Debug|Any CPU.ActiveCfg = Debug|Any CPU
		{A32C9DC7-ACF4-4B0E-A020-06B1D5167EEE}.Debug|Any CPU.Build.0 = Debug|Any CPU
		{A32C9DC7-ACF4-4B0E-A020-06B1D5167EEE}.Release|Any CPU.ActiveCfg = Release|Any CPU
		{A32C9DC7-ACF4-4B0E-A020-06B1D5167EEE}.Release|Any CPU.Build.0 = Release|Any CPU
		{32BAEC1F-9848-457F-907C-DFAD42B66093}.Debug|Any CPU.ActiveCfg = Debug|Any CPU
		{32BAEC1F-9848-457F-907C-DFAD42B66093}.Debug|Any CPU.Build.0 = Debug|Any CPU
		{32BAEC1F-9848-457F-907C-DFAD42B66093}.Release|Any CPU.ActiveCfg = Release|Any CPU
		{32BAEC1F-9848-457F-907C-DFAD42B66093}.Release|Any CPU.Build.0 = Release|Any CPU
		{35B04923-D765-4756-86A0-5C960DCDE5DB}.Debug|Any CPU.ActiveCfg = Debug|Any CPU
		{35B04923-D765-4756-86A0-5C960DCDE5DB}.Debug|Any CPU.Build.0 = Debug|Any CPU
		{35B04923-D765-4756-86A0-5C960DCDE5DB}.Release|Any CPU.ActiveCfg = Release|Any CPU
		{35B04923-D765-4756-86A0-5C960DCDE5DB}.Release|Any CPU.Build.0 = Release|Any CPU
		{9AC9A6ED-5DA3-4174-928C-2D0C5BB7036E}.Debug|Any CPU.ActiveCfg = Debug|Any CPU
		{9AC9A6ED-5DA3-4174-928C-2D0C5BB7036E}.Debug|Any CPU.Build.0 = Debug|Any CPU
		{9AC9A6ED-5DA3-4174-928C-2D0C5BB7036E}.Release|Any CPU.ActiveCfg = Release|Any CPU
		{9AC9A6ED-5DA3-4174-928C-2D0C5BB7036E}.Release|Any CPU.Build.0 = Release|Any CPU
		{6B0AA2DD-49C3-4AED-821D-04D4E723D347}.Debug|Any CPU.ActiveCfg = Debug|Any CPU
		{6B0AA2DD-49C3-4AED-821D-04D4E723D347}.Debug|Any CPU.Build.0 = Debug|Any CPU
		{6B0AA2DD-49C3-4AED-821D-04D4E723D347}.Release|Any CPU.ActiveCfg = Release|Any CPU
		{6B0AA2DD-49C3-4AED-821D-04D4E723D347}.Release|Any CPU.Build.0 = Release|Any CPU
		{328E7D50-A3DB-486B-9C50-C5DC6778E7F7}.Debug|Any CPU.ActiveCfg = Debug|Any CPU
		{328E7D50-A3DB-486B-9C50-C5DC6778E7F7}.Debug|Any CPU.Build.0 = Debug|Any CPU
		{328E7D50-A3DB-486B-9C50-C5DC6778E7F7}.Release|Any CPU.ActiveCfg = Release|Any CPU
		{328E7D50-A3DB-486B-9C50-C5DC6778E7F7}.Release|Any CPU.Build.0 = Release|Any CPU
	EndGlobalSection
	GlobalSection(SolutionProperties) = preSolution
		HideSolutionNode = FALSE
	EndGlobalSection
	GlobalSection(NestedProjects) = preSolution
		{0DB3911C-5F09-4FE3-B20D-BBB5D1442708} = {105B82C5-EF77-4167-8521-1AFF100C598A}
		{DF96CCA3-6F57-46A8-9FCE-6AD9BB4CA545} = {105B82C5-EF77-4167-8521-1AFF100C598A}
		{928CD8F2-9928-4449-921E-9D1622224E02} = {105B82C5-EF77-4167-8521-1AFF100C598A}
		{321104B0-EC18-4916-85BF-6911AD4118F8} = {DF96CCA3-6F57-46A8-9FCE-6AD9BB4CA545}
		{A32C9DC7-ACF4-4B0E-A020-06B1D5167EEE} = {DF96CCA3-6F57-46A8-9FCE-6AD9BB4CA545}
		{32BAEC1F-9848-457F-907C-DFAD42B66093} = {928CD8F2-9928-4449-921E-9D1622224E02}
		{35B04923-D765-4756-86A0-5C960DCDE5DB} = {928CD8F2-9928-4449-921E-9D1622224E02}
		{9AC9A6ED-5DA3-4174-928C-2D0C5BB7036E} = {928CD8F2-9928-4449-921E-9D1622224E02}
		{6B0AA2DD-49C3-4AED-821D-04D4E723D347} = {0DE06EB7-7147-45D0-9D84-A2E775A14919}
		{328E7D50-A3DB-486B-9C50-C5DC6778E7F7} = {105B82C5-EF77-4167-8521-1AFF100C598A}
	EndGlobalSection
	GlobalSection(ExtensibilityGlobals) = postSolution
		SolutionGuid = {A5B4004A-7FDB-49A5-95F9-D848024AC255}
	EndGlobalSection
EndGlobal
